
Microsoft Visual Studio Solution File, Format Version 12.00
# Visual Studio 15
VisualStudioVersion = 15.0.26228.9
MinimumVisualStudioVersion = 10.0.40219.1
Project("{FAE04EC0-301F-11D3-BF4B-00C04F79EFBC}") = "OpenSubSearch", "OpenSubSearch\OpenSubSearch.csproj", "{E093DAC8-7DAD-4667-9720-799B925BF291}"
	ProjectSection(ProjectDependencies) = postProject
		{BFF759AB-08E0-437B-9BC4-AF558B5D4B21} = {BFF759AB-08E0-437B-9BC4-AF558B5D4B21}
	EndProjectSection
EndProject
Project("{FAE04EC0-301F-11D3-BF4B-00C04F79EFBC}") = "OpenSubSearchCLI", "OpenSubSearchCLI\OpenSubSearchCLI.csproj", "{3F3003AB-FFB4-4FC2-B170-2BDAE92ADEAB}"
EndProject
Project("{FAE04EC0-301F-11D3-BF4B-00C04F79EFBC}") = "OpenSubSearchLib", "OpenSubSearchLib\OpenSubSearchLib.csproj", "{BFF759AB-08E0-437B-9BC4-AF558B5D4B21}"
EndProject
Project("{FAE04EC0-301F-11D3-BF4B-00C04F79EFBC}") = "OpenSubSearchWPF", "OpenSubSearchWPF\OpenSubSearchWPF.csproj", "{A36BC6E4-AF0C-4462-8DD3-73EBCE565F91}"
EndProject
Global
	GlobalSection(SolutionConfigurationPlatforms) = preSolution
		Debug|Any CPU = Debug|Any CPU
		Debug|ARM = Debug|ARM
		Debug|x64 = Debug|x64
		Debug|x86 = Debug|x86
		Release|Any CPU = Release|Any CPU
		Release|ARM = Release|ARM
		Release|x64 = Release|x64
		Release|x86 = Release|x86
	EndGlobalSection
	GlobalSection(ProjectConfigurationPlatforms) = postSolution
		{E093DAC8-7DAD-4667-9720-799B925BF291}.Debug|Any CPU.ActiveCfg = Debug|Any CPU
		{E093DAC8-7DAD-4667-9720-799B925BF291}.Debug|Any CPU.Build.0 = Debug|Any CPU
		{E093DAC8-7DAD-4667-9720-799B925BF291}.Debug|ARM.ActiveCfg = Debug|Any CPU
		{E093DAC8-7DAD-4667-9720-799B925BF291}.Debug|ARM.Build.0 = Debug|Any CPU
		{E093DAC8-7DAD-4667-9720-799B925BF291}.Debug|x64.ActiveCfg = Debug|Any CPU
		{E093DAC8-7DAD-4667-9720-799B925BF291}.Debug|x64.Build.0 = Debug|Any CPU
		{E093DAC8-7DAD-4667-9720-799B925BF291}.Debug|x86.ActiveCfg = Debug|Any CPU
		{E093DAC8-7DAD-4667-9720-799B925BF291}.Debug|x86.Build.0 = Debug|Any CPU
		{E093DAC8-7DAD-4667-9720-799B925BF291}.Release|Any CPU.ActiveCfg = Release|Any CPU
		{E093DAC8-7DAD-4667-9720-799B925BF291}.Release|Any CPU.Build.0 = Release|Any CPU
		{E093DAC8-7DAD-4667-9720-799B925BF291}.Release|ARM.ActiveCfg = Release|Any CPU
		{E093DAC8-7DAD-4667-9720-799B925BF291}.Release|ARM.Build.0 = Release|Any CPU
		{E093DAC8-7DAD-4667-9720-799B925BF291}.Release|x64.ActiveCfg = Release|Any CPU
		{E093DAC8-7DAD-4667-9720-799B925BF291}.Release|x64.Build.0 = Release|Any CPU
		{E093DAC8-7DAD-4667-9720-799B925BF291}.Release|x86.ActiveCfg = Release|Any CPU
		{E093DAC8-7DAD-4667-9720-799B925BF291}.Release|x86.Build.0 = Release|Any CPU
		{3F3003AB-FFB4-4FC2-B170-2BDAE92ADEAB}.Debug|Any CPU.ActiveCfg = Debug|Any CPU
		{3F3003AB-FFB4-4FC2-B170-2BDAE92ADEAB}.Debug|Any CPU.Build.0 = Debug|Any CPU
		{3F3003AB-FFB4-4FC2-B170-2BDAE92ADEAB}.Debug|ARM.ActiveCfg = Debug|Any CPU
		{3F3003AB-FFB4-4FC2-B170-2BDAE92ADEAB}.Debug|ARM.Build.0 = Debug|Any CPU
		{3F3003AB-FFB4-4FC2-B170-2BDAE92ADEAB}.Debug|x64.ActiveCfg = Debug|Any CPU
		{3F3003AB-FFB4-4FC2-B170-2BDAE92ADEAB}.Debug|x64.Build.0 = Debug|Any CPU
		{3F3003AB-FFB4-4FC2-B170-2BDAE92ADEAB}.Debug|x86.ActiveCfg = Debug|Any CPU
		{3F3003AB-FFB4-4FC2-B170-2BDAE92ADEAB}.Debug|x86.Build.0 = Debug|Any CPU
		{3F3003AB-FFB4-4FC2-B170-2BDAE92ADEAB}.Release|Any CPU.ActiveCfg = Release|Any CPU
		{3F3003AB-FFB4-4FC2-B170-2BDAE92ADEAB}.Release|Any CPU.Build.0 = Release|Any CPU
		{3F3003AB-FFB4-4FC2-B170-2BDAE92ADEAB}.Release|ARM.ActiveCfg = Release|Any CPU
		{3F3003AB-FFB4-4FC2-B170-2BDAE92ADEAB}.Release|ARM.Build.0 = Release|Any CPU
		{3F3003AB-FFB4-4FC2-B170-2BDAE92ADEAB}.Release|x64.ActiveCfg = Release|Any CPU
		{3F3003AB-FFB4-4FC2-B170-2BDAE92ADEAB}.Release|x64.Build.0 = Release|Any CPU
		{3F3003AB-FFB4-4FC2-B170-2BDAE92ADEAB}.Release|x86.ActiveCfg = Release|Any CPU
		{3F3003AB-FFB4-4FC2-B170-2BDAE92ADEAB}.Release|x86.Build.0 = Release|Any CPU
		{BFF759AB-08E0-437B-9BC4-AF558B5D4B21}.Debug|Any CPU.ActiveCfg = Debug|Any CPU
		{BFF759AB-08E0-437B-9BC4-AF558B5D4B21}.Debug|Any CPU.Build.0 = Debug|Any CPU
		{BFF759AB-08E0-437B-9BC4-AF558B5D4B21}.Debug|ARM.ActiveCfg = Debug|Any CPU
		{BFF759AB-08E0-437B-9BC4-AF558B5D4B21}.Debug|ARM.Build.0 = Debug|Any CPU
		{BFF759AB-08E0-437B-9BC4-AF558B5D4B21}.Debug|x64.ActiveCfg = Debug|Any CPU
		{BFF759AB-08E0-437B-9BC4-AF558B5D4B21}.Debug|x64.Build.0 = Debug|Any CPU
		{BFF759AB-08E0-437B-9BC4-AF558B5D4B21}.Debug|x86.ActiveCfg = Debug|Any CPU
		{BFF759AB-08E0-437B-9BC4-AF558B5D4B21}.Debug|x86.Build.0 = Debug|Any CPU
		{BFF759AB-08E0-437B-9BC4-AF558B5D4B21}.Release|Any CPU.ActiveCfg = Release|Any CPU
		{BFF759AB-08E0-437B-9BC4-AF558B5D4B21}.Release|Any CPU.Build.0 = Release|Any CPU
		{BFF759AB-08E0-437B-9BC4-AF558B5D4B21}.Release|ARM.ActiveCfg = Release|Any CPU
		{BFF759AB-08E0-437B-9BC4-AF558B5D4B21}.Release|ARM.Build.0 = Release|Any CPU
		{BFF759AB-08E0-437B-9BC4-AF558B5D4B21}.Release|x64.ActiveCfg = Release|Any CPU
		{BFF759AB-08E0-437B-9BC4-AF558B5D4B21}.Release|x64.Build.0 = Release|Any CPU
		{BFF759AB-08E0-437B-9BC4-AF558B5D4B21}.Release|x86.ActiveCfg = Release|Any CPU
		{BFF759AB-08E0-437B-9BC4-AF558B5D4B21}.Release|x86.Build.0 = Release|Any CPU
		{A36BC6E4-AF0C-4462-8DD3-73EBCE565F91}.Debug|Any CPU.ActiveCfg = Debug|Any CPU
		{A36BC6E4-AF0C-4462-8DD3-73EBCE565F91}.Debug|Any CPU.Build.0 = Debug|Any CPU
		{A36BC6E4-AF0C-4462-8DD3-73EBCE565F91}.Debug|ARM.ActiveCfg = Debug|Any CPU
		{A36BC6E4-AF0C-4462-8DD3-73EBCE565F91}.Debug|ARM.Build.0 = Debug|Any CPU
		{A36BC6E4-AF0C-4462-8DD3-73EBCE565F91}.Debug|x64.ActiveCfg = Debug|Any CPU
		{A36BC6E4-AF0C-4462-8DD3-73EBCE565F91}.Debug|x64.Build.0 = Debug|Any CPU
		{A36BC6E4-AF0C-4462-8DD3-73EBCE565F91}.Debug|x86.ActiveCfg = Debug|Any CPU
		{A36BC6E4-AF0C-4462-8DD3-73EBCE565F91}.Debug|x86.Build.0 = Debug|Any CPU
		{A36BC6E4-AF0C-4462-8DD3-73EBCE565F91}.Release|Any CPU.ActiveCfg = Release|Any CPU
		{A36BC6E4-AF0C-4462-8DD3-73EBCE565F91}.Release|Any CPU.Build.0 = Release|Any CPU
		{A36BC6E4-AF0C-4462-8DD3-73EBCE565F91}.Release|ARM.ActiveCfg = Release|Any CPU
		{A36BC6E4-AF0C-4462-8DD3-73EBCE565F91}.Release|ARM.Build.0 = Release|Any CPU
		{A36BC6E4-AF0C-4462-8DD3-73EBCE565F91}.Release|x64.ActiveCfg = Release|Any CPU
		{A36BC6E4-AF0C-4462-8DD3-73EBCE565F91}.Release|x64.Build.0 = Release|Any CPU
		{A36BC6E4-AF0C-4462-8DD3-73EBCE565F91}.Release|x86.ActiveCfg = Release|Any CPU
		{A36BC6E4-AF0C-4462-8DD3-73EBCE565F91}.Release|x86.Build.0 = Release|Any CPU
	EndGlobalSection
	GlobalSection(SolutionProperties) = preSolution
		HideSolutionNode = FALSE
	EndGlobalSection
EndGlobal
